
Microsoft Visual Studio Solution File, Format Version 12.00
# Visual Studio 14
VisualStudioVersion = 14.0.25420.1
MinimumVisualStudioVersion = 10.0.40219.1
Project("{FAE04EC0-301F-11D3-BF4B-00C04F79EFBC}") = "SampleChart", "SampleChart\SampleChart\SampleChart.csproj", "{56478B96-D15A-4D43-9834-63C338186839}"
EndProject
Project("{FAE04EC0-301F-11D3-BF4B-00C04F79EFBC}") = "SampleChart.Droid", "SampleChart\SampleChart.Droid\SampleChart.Droid.csproj", "{A4F1A67A-E7C4-40FE-9135-06E69A1CA9BC}"
EndProject
Project("{FAE04EC0-301F-11D3-BF4B-00C04F79EFBC}") = "SampleChart.iOS", "SampleChart\SampleChart.iOS\SampleChart.iOS.csproj", "{40DC9FAB-FB1F-4074-8C13-78616D560806}"
EndProject
Global
	GlobalSection(SolutionConfigurationPlatforms) = preSolution
		Ad-Hoc|Any CPU = Ad-Hoc|Any CPU
		Ad-Hoc|ARM = Ad-Hoc|ARM
		Ad-Hoc|iPhone = Ad-Hoc|iPhone
		Ad-Hoc|iPhoneSimulator = Ad-Hoc|iPhoneSimulator
		Ad-Hoc|x64 = Ad-Hoc|x64
		Ad-Hoc|x86 = Ad-Hoc|x86
		AppStore|Any CPU = AppStore|Any CPU
		AppStore|ARM = AppStore|ARM
		AppStore|iPhone = AppStore|iPhone
		AppStore|iPhoneSimulator = AppStore|iPhoneSimulator
		AppStore|x64 = AppStore|x64
		AppStore|x86 = AppStore|x86
		Debug|Any CPU = Debug|Any CPU
		Debug|ARM = Debug|ARM
		Debug|iPhone = Debug|iPhone
		Debug|iPhoneSimulator = Debug|iPhoneSimulator
		Debug|x64 = Debug|x64
		Debug|x86 = Debug|x86
		Release|Any CPU = Release|Any CPU
		Release|ARM = Release|ARM
		Release|iPhone = Release|iPhone
		Release|iPhoneSimulator = Release|iPhoneSimulator
		Release|x64 = Release|x64
		Release|x86 = Release|x86
		Release-xml|Any CPU = Release-xml|Any CPU
		Release-xml|ARM = Release-xml|ARM
		Release-xml|iPhone = Release-xml|iPhone
		Release-xml|iPhoneSimulator = Release-xml|iPhoneSimulator
		Release-xml|x64 = Release-xml|x64
		Release-xml|x86 = Release-xml|x86
	EndGlobalSection
	GlobalSection(ProjectConfigurationPlatforms) = postSolution
		{56478B96-D15A-4D43-9834-63C338186839}.Ad-Hoc|Any CPU.ActiveCfg = Release|Any CPU
		{56478B96-D15A-4D43-9834-63C338186839}.Ad-Hoc|Any CPU.Build.0 = Release|Any CPU
		{56478B96-D15A-4D43-9834-63C338186839}.Ad-Hoc|ARM.ActiveCfg = Release|Any CPU
		{56478B96-D15A-4D43-9834-63C338186839}.Ad-Hoc|ARM.Build.0 = Release|Any CPU
		{56478B96-D15A-4D43-9834-63C338186839}.Ad-Hoc|iPhone.ActiveCfg = Release|Any CPU
		{56478B96-D15A-4D43-9834-63C338186839}.Ad-Hoc|iPhone.Build.0 = Release|Any CPU
		{56478B96-D15A-4D43-9834-63C338186839}.Ad-Hoc|iPhoneSimulator.ActiveCfg = Release|Any CPU
		{56478B96-D15A-4D43-9834-63C338186839}.Ad-Hoc|iPhoneSimulator.Build.0 = Release|Any CPU
		{56478B96-D15A-4D43-9834-63C338186839}.Ad-Hoc|x64.ActiveCfg = Release|Any CPU
		{56478B96-D15A-4D43-9834-63C338186839}.Ad-Hoc|x64.Build.0 = Release|Any CPU
		{56478B96-D15A-4D43-9834-63C338186839}.Ad-Hoc|x86.ActiveCfg = Release|Any CPU
		{56478B96-D15A-4D43-9834-63C338186839}.Ad-Hoc|x86.Build.0 = Release|Any CPU
		{56478B96-D15A-4D43-9834-63C338186839}.AppStore|Any CPU.ActiveCfg = Release|Any CPU
		{56478B96-D15A-4D43-9834-63C338186839}.AppStore|Any CPU.Build.0 = Release|Any CPU
		{56478B96-D15A-4D43-9834-63C338186839}.AppStore|ARM.ActiveCfg = Release|Any CPU
		{56478B96-D15A-4D43-9834-63C338186839}.AppStore|ARM.Build.0 = Release|Any CPU
		{56478B96-D15A-4D43-9834-63C338186839}.AppStore|iPhone.ActiveCfg = Release|Any CPU
		{56478B96-D15A-4D43-9834-63C338186839}.AppStore|iPhone.Build.0 = Release|Any CPU
		{56478B96-D15A-4D43-9834-63C338186839}.AppStore|iPhoneSimulator.ActiveCfg = Release|Any CPU
		{56478B96-D15A-4D43-9834-63C338186839}.AppStore|iPhoneSimulator.Build.0 = Release|Any CPU
		{56478B96-D15A-4D43-9834-63C338186839}.AppStore|x64.ActiveCfg = Release|Any CPU
		{56478B96-D15A-4D43-9834-63C338186839}.AppStore|x64.Build.0 = Release|Any CPU
		{56478B96-D15A-4D43-9834-63C338186839}.AppStore|x86.ActiveCfg = Release|Any CPU
		{56478B96-D15A-4D43-9834-63C338186839}.AppStore|x86.Build.0 = Release|Any CPU
		{56478B96-D15A-4D43-9834-63C338186839}.Debug|Any CPU.ActiveCfg = Debug|Any CPU
		{56478B96-D15A-4D43-9834-63C338186839}.Debug|Any CPU.Build.0 = Debug|Any CPU
		{56478B96-D15A-4D43-9834-63C338186839}.Debug|ARM.ActiveCfg = Debug|Any CPU
		{56478B96-D15A-4D43-9834-63C338186839}.Debug|ARM.Build.0 = Debug|Any CPU
		{56478B96-D15A-4D43-9834-63C338186839}.Debug|iPhone.ActiveCfg = Debug|Any CPU
		{56478B96-D15A-4D43-9834-63C338186839}.Debug|iPhone.Build.0 = Debug|Any CPU
		{56478B96-D15A-4D43-9834-63C338186839}.Debug|iPhoneSimulator.ActiveCfg = Debug|Any CPU
		{56478B96-D15A-4D43-9834-63C338186839}.Debug|iPhoneSimulator.Build.0 = Debug|Any CPU
		{56478B96-D15A-4D43-9834-63C338186839}.Debug|x64.ActiveCfg = Debug|Any CPU
		{56478B96-D15A-4D43-9834-63C338186839}.Debug|x64.Build.0 = Debug|Any CPU
		{56478B96-D15A-4D43-9834-63C338186839}.Debug|x86.ActiveCfg = Debug|Any CPU
		{56478B96-D15A-4D43-9834-63C338186839}.Debug|x86.Build.0 = Debug|Any CPU
		{56478B96-D15A-4D43-9834-63C338186839}.Release|Any CPU.ActiveCfg = Release|Any CPU
		{56478B96-D15A-4D43-9834-63C338186839}.Release|Any CPU.Build.0 = Release|Any CPU
		{56478B96-D15A-4D43-9834-63C338186839}.Release|ARM.ActiveCfg = Release|Any CPU
		{56478B96-D15A-4D43-9834-63C338186839}.Release|ARM.Build.0 = Release|Any CPU
		{56478B96-D15A-4D43-9834-63C338186839}.Release|iPhone.ActiveCfg = Release|Any CPU
		{56478B96-D15A-4D43-9834-63C338186839}.Release|iPhone.Build.0 = Release|Any CPU
		{56478B96-D15A-4D43-9834-63C338186839}.Release|iPhoneSimulator.ActiveCfg = Release|Any CPU
		{56478B96-D15A-4D43-9834-63C338186839}.Release|iPhoneSimulator.Build.0 = Release|Any CPU
		{56478B96-D15A-4D43-9834-63C338186839}.Release|x64.ActiveCfg = Release|Any CPU
		{56478B96-D15A-4D43-9834-63C338186839}.Release|x64.Build.0 = Release|Any CPU
		{56478B96-D15A-4D43-9834-63C338186839}.Release|x86.ActiveCfg = Release|Any CPU
		{56478B96-D15A-4D43-9834-63C338186839}.Release|x86.Build.0 = Release|Any CPU
		{56478B96-D15A-4D43-9834-63C338186839}.Release-xml|Any CPU.ActiveCfg = Release|Any CPU
		{56478B96-D15A-4D43-9834-63C338186839}.Release-xml|Any CPU.Build.0 = Release|Any CPU
		{56478B96-D15A-4D43-9834-63C338186839}.Release-xml|ARM.ActiveCfg = Release|Any CPU
		{56478B96-D15A-4D43-9834-63C338186839}.Release-xml|ARM.Build.0 = Release|Any CPU
		{56478B96-D15A-4D43-9834-63C338186839}.Release-xml|iPhone.ActiveCfg = Release|Any CPU
		{56478B96-D15A-4D43-9834-63C338186839}.Release-xml|iPhone.Build.0 = Release|Any CPU
		{56478B96-D15A-4D43-9834-63C338186839}.Release-xml|iPhoneSimulator.ActiveCfg = Release|Any CPU
		{56478B96-D15A-4D43-9834-63C338186839}.Release-xml|iPhoneSimulator.Build.0 = Release|Any CPU
		{56478B96-D15A-4D43-9834-63C338186839}.Release-xml|x64.ActiveCfg = Release|Any CPU
		{56478B96-D15A-4D43-9834-63C338186839}.Release-xml|x64.Build.0 = Release|Any CPU
		{56478B96-D15A-4D43-9834-63C338186839}.Release-xml|x86.ActiveCfg = Release|Any CPU
		{56478B96-D15A-4D43-9834-63C338186839}.Release-xml|x86.Build.0 = Release|Any CPU
		{A4F1A67A-E7C4-40FE-9135-06E69A1CA9BC}.Ad-Hoc|Any CPU.ActiveCfg = Release|Any CPU
		{A4F1A67A-E7C4-40FE-9135-06E69A1CA9BC}.Ad-Hoc|Any CPU.Build.0 = Release|Any CPU
		{A4F1A67A-E7C4-40FE-9135-06E69A1CA9BC}.Ad-Hoc|Any CPU.Deploy.0 = Release|Any CPU
		{A4F1A67A-E7C4-40FE-9135-06E69A1CA9BC}.Ad-Hoc|ARM.ActiveCfg = Release|Any CPU
		{A4F1A67A-E7C4-40FE-9135-06E69A1CA9BC}.Ad-Hoc|ARM.Build.0 = Release|Any CPU
		{A4F1A67A-E7C4-40FE-9135-06E69A1CA9BC}.Ad-Hoc|ARM.Deploy.0 = Release|Any CPU
		{A4F1A67A-E7C4-40FE-9135-06E69A1CA9BC}.Ad-Hoc|iPhone.ActiveCfg = Release|Any CPU
		{A4F1A67A-E7C4-40FE-9135-06E69A1CA9BC}.Ad-Hoc|iPhone.Build.0 = Release|Any CPU
		{A4F1A67A-E7C4-40FE-9135-06E69A1CA9BC}.Ad-Hoc|iPhone.Deploy.0 = Release|Any CPU
		{A4F1A67A-E7C4-40FE-9135-06E69A1CA9BC}.Ad-Hoc|iPhoneSimulator.ActiveCfg = Release|Any CPU
		{A4F1A67A-E7C4-40FE-9135-06E69A1CA9BC}.Ad-Hoc|iPhoneSimulator.Build.0 = Release|Any CPU
		{A4F1A67A-E7C4-40FE-9135-06E69A1CA9BC}.Ad-Hoc|iPhoneSimulator.Deploy.0 = Release|Any CPU
		{A4F1A67A-E7C4-40FE-9135-06E69A1CA9BC}.Ad-Hoc|x64.ActiveCfg = Release|Any CPU
		{A4F1A67A-E7C4-40FE-9135-06E69A1CA9BC}.Ad-Hoc|x64.Build.0 = Release|Any CPU
		{A4F1A67A-E7C4-40FE-9135-06E69A1CA9BC}.Ad-Hoc|x64.Deploy.0 = Release|Any CPU
		{A4F1A67A-E7C4-40FE-9135-06E69A1CA9BC}.Ad-Hoc|x86.ActiveCfg = Release|Any CPU
		{A4F1A67A-E7C4-40FE-9135-06E69A1CA9BC}.Ad-Hoc|x86.Build.0 = Release|Any CPU
		{A4F1A67A-E7C4-40FE-9135-06E69A1CA9BC}.Ad-Hoc|x86.Deploy.0 = Release|Any CPU
		{A4F1A67A-E7C4-40FE-9135-06E69A1CA9BC}.AppStore|Any CPU.ActiveCfg = Release|Any CPU
		{A4F1A67A-E7C4-40FE-9135-06E69A1CA9BC}.AppStore|Any CPU.Build.0 = Release|Any CPU
		{A4F1A67A-E7C4-40FE-9135-06E69A1CA9BC}.AppStore|Any CPU.Deploy.0 = Release|Any CPU
		{A4F1A67A-E7C4-40FE-9135-06E69A1CA9BC}.AppStore|ARM.ActiveCfg = Release|Any CPU
		{A4F1A67A-E7C4-40FE-9135-06E69A1CA9BC}.AppStore|ARM.Build.0 = Release|Any CPU
		{A4F1A67A-E7C4-40FE-9135-06E69A1CA9BC}.AppStore|ARM.Deploy.0 = Release|Any CPU
		{A4F1A67A-E7C4-40FE-9135-06E69A1CA9BC}.AppStore|iPhone.ActiveCfg = Release|Any CPU
		{A4F1A67A-E7C4-40FE-9135-06E69A1CA9BC}.AppStore|iPhone.Build.0 = Release|Any CPU
		{A4F1A67A-E7C4-40FE-9135-06E69A1CA9BC}.AppStore|iPhone.Deploy.0 = Release|Any CPU
		{A4F1A67A-E7C4-40FE-9135-06E69A1CA9BC}.AppStore|iPhoneSimulator.ActiveCfg = Release|Any CPU
		{A4F1A67A-E7C4-40FE-9135-06E69A1CA9BC}.AppStore|iPhoneSimulator.Build.0 = Release|Any CPU
		{A4F1A67A-E7C4-40FE-9135-06E69A1CA9BC}.AppStore|iPhoneSimulator.Deploy.0 = Release|Any CPU
		{A4F1A67A-E7C4-40FE-9135-06E69A1CA9BC}.AppStore|x64.ActiveCfg = Release|Any CPU
		{A4F1A67A-E7C4-40FE-9135-06E69A1CA9BC}.AppStore|x64.Build.0 = Release|Any CPU
		{A4F1A67A-E7C4-40FE-9135-06E69A1CA9BC}.AppStore|x64.Deploy.0 = Release|Any CPU
		{A4F1A67A-E7C4-40FE-9135-06E69A1CA9BC}.AppStore|x86.ActiveCfg = Release|Any CPU
		{A4F1A67A-E7C4-40FE-9135-06E69A1CA9BC}.AppStore|x86.Build.0 = Release|Any CPU
		{A4F1A67A-E7C4-40FE-9135-06E69A1CA9BC}.AppStore|x86.Deploy.0 = Release|Any CPU
		{A4F1A67A-E7C4-40FE-9135-06E69A1CA9BC}.Debug|Any CPU.ActiveCfg = Debug|Any CPU
		{A4F1A67A-E7C4-40FE-9135-06E69A1CA9BC}.Debug|Any CPU.Build.0 = Debug|Any CPU
		{A4F1A67A-E7C4-40FE-9135-06E69A1CA9BC}.Debug|Any CPU.Deploy.0 = Debug|Any CPU
		{A4F1A67A-E7C4-40FE-9135-06E69A1CA9BC}.Debug|ARM.ActiveCfg = Debug|Any CPU
		{A4F1A67A-E7C4-40FE-9135-06E69A1CA9BC}.Debug|ARM.Build.0 = Debug|Any CPU
		{A4F1A67A-E7C4-40FE-9135-06E69A1CA9BC}.Debug|ARM.Deploy.0 = Debug|Any CPU
		{A4F1A67A-E7C4-40FE-9135-06E69A1CA9BC}.Debug|iPhone.ActiveCfg = Debug|Any CPU
		{A4F1A67A-E7C4-40FE-9135-06E69A1CA9BC}.Debug|iPhone.Build.0 = Debug|Any CPU
		{A4F1A67A-E7C4-40FE-9135-06E69A1CA9BC}.Debug|iPhone.Deploy.0 = Debug|Any CPU
		{A4F1A67A-E7C4-40FE-9135-06E69A1CA9BC}.Debug|iPhoneSimulator.ActiveCfg = Debug|Any CPU
		{A4F1A67A-E7C4-40FE-9135-06E69A1CA9BC}.Debug|iPhoneSimulator.Build.0 = Debug|Any CPU
		{A4F1A67A-E7C4-40FE-9135-06E69A1CA9BC}.Debug|iPhoneSimulator.Deploy.0 = Debug|Any CPU
		{A4F1A67A-E7C4-40FE-9135-06E69A1CA9BC}.Debug|x64.ActiveCfg = Debug|Any CPU
		{A4F1A67A-E7C4-40FE-9135-06E69A1CA9BC}.Debug|x64.Build.0 = Debug|Any CPU
		{A4F1A67A-E7C4-40FE-9135-06E69A1CA9BC}.Debug|x64.Deploy.0 = Debug|Any CPU
		{A4F1A67A-E7C4-40FE-9135-06E69A1CA9BC}.Debug|x86.ActiveCfg = Debug|Any CPU
		{A4F1A67A-E7C4-40FE-9135-06E69A1CA9BC}.Debug|x86.Build.0 = Debug|Any CPU
		{A4F1A67A-E7C4-40FE-9135-06E69A1CA9BC}.Debug|x86.Deploy.0 = Debug|Any CPU
		{A4F1A67A-E7C4-40FE-9135-06E69A1CA9BC}.Release|Any CPU.ActiveCfg = Release|Any CPU
		{A4F1A67A-E7C4-40FE-9135-06E69A1CA9BC}.Release|Any CPU.Build.0 = Release|Any CPU
		{A4F1A67A-E7C4-40FE-9135-06E69A1CA9BC}.Release|Any CPU.Deploy.0 = Release|Any CPU
		{A4F1A67A-E7C4-40FE-9135-06E69A1CA9BC}.Release|ARM.ActiveCfg = Release|Any CPU
		{A4F1A67A-E7C4-40FE-9135-06E69A1CA9BC}.Release|ARM.Build.0 = Release|Any CPU
		{A4F1A67A-E7C4-40FE-9135-06E69A1CA9BC}.Release|ARM.Deploy.0 = Release|Any CPU
		{A4F1A67A-E7C4-40FE-9135-06E69A1CA9BC}.Release|iPhone.ActiveCfg = Release|Any CPU
		{A4F1A67A-E7C4-40FE-9135-06E69A1CA9BC}.Release|iPhone.Build.0 = Release|Any CPU
		{A4F1A67A-E7C4-40FE-9135-06E69A1CA9BC}.Release|iPhone.Deploy.0 = Release|Any CPU
		{A4F1A67A-E7C4-40FE-9135-06E69A1CA9BC}.Release|iPhoneSimulator.ActiveCfg = Release|Any CPU
		{A4F1A67A-E7C4-40FE-9135-06E69A1CA9BC}.Release|iPhoneSimulator.Build.0 = Release|Any CPU
		{A4F1A67A-E7C4-40FE-9135-06E69A1CA9BC}.Release|iPhoneSimulator.Deploy.0 = Release|Any CPU
		{A4F1A67A-E7C4-40FE-9135-06E69A1CA9BC}.Release|x64.ActiveCfg = Release|Any CPU
		{A4F1A67A-E7C4-40FE-9135-06E69A1CA9BC}.Release|x64.Build.0 = Release|Any CPU
		{A4F1A67A-E7C4-40FE-9135-06E69A1CA9BC}.Release|x64.Deploy.0 = Release|Any CPU
		{A4F1A67A-E7C4-40FE-9135-06E69A1CA9BC}.Release|x86.ActiveCfg = Release|Any CPU
		{A4F1A67A-E7C4-40FE-9135-06E69A1CA9BC}.Release|x86.Build.0 = Release|Any CPU
		{A4F1A67A-E7C4-40FE-9135-06E69A1CA9BC}.Release|x86.Deploy.0 = Release|Any CPU
		{A4F1A67A-E7C4-40FE-9135-06E69A1CA9BC}.Release-xml|Any CPU.ActiveCfg = Release|Any CPU
		{A4F1A67A-E7C4-40FE-9135-06E69A1CA9BC}.Release-xml|Any CPU.Build.0 = Release|Any CPU
		{A4F1A67A-E7C4-40FE-9135-06E69A1CA9BC}.Release-xml|Any CPU.Deploy.0 = Release|Any CPU
		{A4F1A67A-E7C4-40FE-9135-06E69A1CA9BC}.Release-xml|ARM.ActiveCfg = Release|Any CPU
		{A4F1A67A-E7C4-40FE-9135-06E69A1CA9BC}.Release-xml|ARM.Build.0 = Release|Any CPU
		{A4F1A67A-E7C4-40FE-9135-06E69A1CA9BC}.Release-xml|ARM.Deploy.0 = Release|Any CPU
		{A4F1A67A-E7C4-40FE-9135-06E69A1CA9BC}.Release-xml|iPhone.ActiveCfg = Release|Any CPU
		{A4F1A67A-E7C4-40FE-9135-06E69A1CA9BC}.Release-xml|iPhone.Build.0 = Release|Any CPU
		{A4F1A67A-E7C4-40FE-9135-06E69A1CA9BC}.Release-xml|iPhone.Deploy.0 = Release|Any CPU
		{A4F1A67A-E7C4-40FE-9135-06E69A1CA9BC}.Release-xml|iPhoneSimulator.ActiveCfg = Release|Any CPU
		{A4F1A67A-E7C4-40FE-9135-06E69A1CA9BC}.Release-xml|iPhoneSimulator.Build.0 = Release|Any CPU
		{A4F1A67A-E7C4-40FE-9135-06E69A1CA9BC}.Release-xml|iPhoneSimulator.Deploy.0 = Release|Any CPU
		{A4F1A67A-E7C4-40FE-9135-06E69A1CA9BC}.Release-xml|x64.ActiveCfg = Release|Any CPU
		{A4F1A67A-E7C4-40FE-9135-06E69A1CA9BC}.Release-xml|x64.Build.0 = Release|Any CPU
		{A4F1A67A-E7C4-40FE-9135-06E69A1CA9BC}.Release-xml|x64.Deploy.0 = Release|Any CPU
		{A4F1A67A-E7C4-40FE-9135-06E69A1CA9BC}.Release-xml|x86.ActiveCfg = Release|Any CPU
		{A4F1A67A-E7C4-40FE-9135-06E69A1CA9BC}.Release-xml|x86.Build.0 = Release|Any CPU
		{A4F1A67A-E7C4-40FE-9135-06E69A1CA9BC}.Release-xml|x86.Deploy.0 = Release|Any CPU
		{40DC9FAB-FB1F-4074-8C13-78616D560806}.Ad-Hoc|Any CPU.ActiveCfg = Ad-Hoc|iPhone
		{40DC9FAB-FB1F-4074-8C13-78616D560806}.Ad-Hoc|ARM.ActiveCfg = Ad-Hoc|iPhone
		{40DC9FAB-FB1F-4074-8C13-78616D560806}.Ad-Hoc|iPhone.ActiveCfg = Ad-Hoc|iPhone
		{40DC9FAB-FB1F-4074-8C13-78616D560806}.Ad-Hoc|iPhone.Build.0 = Ad-Hoc|iPhone
		{40DC9FAB-FB1F-4074-8C13-78616D560806}.Ad-Hoc|iPhoneSimulator.ActiveCfg = Ad-Hoc|iPhoneSimulator
		{40DC9FAB-FB1F-4074-8C13-78616D560806}.Ad-Hoc|iPhoneSimulator.Build.0 = Ad-Hoc|iPhoneSimulator
		{40DC9FAB-FB1F-4074-8C13-78616D560806}.Ad-Hoc|x64.ActiveCfg = Ad-Hoc|iPhone
		{40DC9FAB-FB1F-4074-8C13-78616D560806}.Ad-Hoc|x86.ActiveCfg = Ad-Hoc|iPhone
		{40DC9FAB-FB1F-4074-8C13-78616D560806}.AppStore|Any CPU.ActiveCfg = AppStore|iPhone
		{40DC9FAB-FB1F-4074-8C13-78616D560806}.AppStore|ARM.ActiveCfg = AppStore|iPhone
		{40DC9FAB-FB1F-4074-8C13-78616D560806}.AppStore|iPhone.ActiveCfg = AppStore|iPhone
		{40DC9FAB-FB1F-4074-8C13-78616D560806}.AppStore|iPhone.Build.0 = AppStore|iPhone
		{40DC9FAB-FB1F-4074-8C13-78616D560806}.AppStore|iPhoneSimulator.ActiveCfg = AppStore|iPhoneSimulator
		{40DC9FAB-FB1F-4074-8C13-78616D560806}.AppStore|iPhoneSimulator.Build.0 = AppStore|iPhoneSimulator
		{40DC9FAB-FB1F-4074-8C13-78616D560806}.AppStore|x64.ActiveCfg = AppStore|iPhone
		{40DC9FAB-FB1F-4074-8C13-78616D560806}.AppStore|x86.ActiveCfg = AppStore|iPhone
		{40DC9FAB-FB1F-4074-8C13-78616D560806}.Debug|Any CPU.ActiveCfg = Debug|iPhone
		{40DC9FAB-FB1F-4074-8C13-78616D560806}.Debug|ARM.ActiveCfg = Debug|iPhone
		{40DC9FAB-FB1F-4074-8C13-78616D560806}.Debug|iPhone.ActiveCfg = Debug|iPhone
		{40DC9FAB-FB1F-4074-8C13-78616D560806}.Debug|iPhone.Build.0 = Debug|iPhone
		{40DC9FAB-FB1F-4074-8C13-78616D560806}.Debug|iPhoneSimulator.ActiveCfg = Debug|iPhoneSimulator
		{40DC9FAB-FB1F-4074-8C13-78616D560806}.Debug|iPhoneSimulator.Build.0 = Debug|iPhoneSimulator
		{40DC9FAB-FB1F-4074-8C13-78616D560806}.Debug|x64.ActiveCfg = Debug|iPhone
		{40DC9FAB-FB1F-4074-8C13-78616D560806}.Debug|x86.ActiveCfg = Debug|iPhone
		{40DC9FAB-FB1F-4074-8C13-78616D560806}.Release|Any CPU.ActiveCfg = Release|iPhone
		{40DC9FAB-FB1F-4074-8C13-78616D560806}.Release|ARM.ActiveCfg = Release|iPhone
		{40DC9FAB-FB1F-4074-8C13-78616D560806}.Release|iPhone.ActiveCfg = Release|iPhone
		{40DC9FAB-FB1F-4074-8C13-78616D560806}.Release|iPhone.Build.0 = Release|iPhone
		{40DC9FAB-FB1F-4074-8C13-78616D560806}.Release|iPhoneSimulator.ActiveCfg = Release|iPhoneSimulator
		{40DC9FAB-FB1F-4074-8C13-78616D560806}.Release|iPhoneSimulator.Build.0 = Release|iPhoneSimulator
		{40DC9FAB-FB1F-4074-8C13-78616D560806}.Release|x64.ActiveCfg = Release|iPhone
		{40DC9FAB-FB1F-4074-8C13-78616D560806}.Release|x86.ActiveCfg = Release|iPhone
		{40DC9FAB-FB1F-4074-8C13-78616D560806}.Release-xml|Any CPU.ActiveCfg = AppStore|iPhone
		{40DC9FAB-FB1F-4074-8C13-78616D560806}.Release-xml|Any CPU.Build.0 = AppStore|iPhone
		{40DC9FAB-FB1F-4074-8C13-78616D560806}.Release-xml|ARM.ActiveCfg = AppStore|iPhone
		{40DC9FAB-FB1F-4074-8C13-78616D560806}.Release-xml|ARM.Build.0 = AppStore|iPhone
		{40DC9FAB-FB1F-4074-8C13-78616D560806}.Release-xml|iPhone.ActiveCfg = Release|iPhone
		{40DC9FAB-FB1F-4074-8C13-78616D560806}.Release-xml|iPhone.Build.0 = Release|iPhone
		{40DC9FAB-FB1F-4074-8C13-78616D560806}.Release-xml|iPhoneSimulator.ActiveCfg = Release|iPhoneSimulator
		{40DC9FAB-FB1F-4074-8C13-78616D560806}.Release-xml|iPhoneSimulator.Build.0 = Release|iPhoneSimulator
		{40DC9FAB-FB1F-4074-8C13-78616D560806}.Release-xml|x64.ActiveCfg = AppStore|iPhone
		{40DC9FAB-FB1F-4074-8C13-78616D560806}.Release-xml|x64.Build.0 = AppStore|iPhone
		{40DC9FAB-FB1F-4074-8C13-78616D560806}.Release-xml|x86.ActiveCfg = AppStore|iPhone
		{40DC9FAB-FB1F-4074-8C13-78616D560806}.Release-xml|x86.Build.0 = AppStore|iPhone
	EndGlobalSection
	GlobalSection(SolutionProperties) = preSolution
		HideSolutionNode = FALSE
	EndGlobalSection
EndGlobal
